
Microsoft Visual Studio Solution File, Format Version 12.00
# Visual Studio Version 17
VisualStudioVersion = 17.8.34525.116
MinimumVisualStudioVersion = 10.0.40219.1
Project("{9A19103F-16F7-4668-BE54-9A1E7A4F7556}") = "CourseAcademyProject", "CourseAcademyProject\CourseAcademyProject.csproj", "{A410A800-BEB4-4FC2-A229-85B9C0003188}"
EndProject
Project("{FAE04EC0-301F-11D3-BF4B-00C04F79EFBC}") = "CourseAcademy.Tests", "CourseAcademy.Tests\CourseAcademy.Tests.csproj", "{B62825B9-E083-4AF9-B96A-6E9B105B91E5}"
EndProject
Global
	GlobalSection(SolutionConfigurationPlatforms) = preSolution
		Debug|Any CPU = Debug|Any CPU
		Release|Any CPU = Release|Any CPU
	EndGlobalSection
	GlobalSection(ProjectConfigurationPlatforms) = postSolution
		{A410A800-BEB4-4FC2-A229-85B9C0003188}.Debug|Any CPU.ActiveCfg = Debug|Any CPU
		{A410A800-BEB4-4FC2-A229-85B9C0003188}.Debug|Any CPU.Build.0 = Debug|Any CPU
		{A410A800-BEB4-4FC2-A229-85B9C0003188}.Release|Any CPU.ActiveCfg = Release|Any CPU
		{A410A800-BEB4-4FC2-A229-85B9C0003188}.Release|Any CPU.Build.0 = Release|Any CPU
		{B62825B9-E083-4AF9-B96A-6E9B105B91E5}.Debug|Any CPU.ActiveCfg = Debug|Any CPU
		{B62825B9-E083-4AF9-B96A-6E9B105B91E5}.Debug|Any CPU.Build.0 = Debug|Any CPU
		{B62825B9-E083-4AF9-B96A-6E9B105B91E5}.Release|Any CPU.ActiveCfg = Release|Any CPU
		{B62825B9-E083-4AF9-B96A-6E9B105B91E5}.Release|Any CPU.Build.0 = Release|Any CPU
	EndGlobalSection
	GlobalSection(SolutionProperties) = preSolution
		HideSolutionNode = FALSE
	EndGlobalSection
	GlobalSection(ExtensibilityGlobals) = postSolution
		SolutionGuid = {AA2C2C9D-4ED0-411D-A8CD-8638B8903844}
	EndGlobalSection
EndGlobal
